
Microsoft Visual Studio Solution File, Format Version 12.00
# Visual Studio Version 17
VisualStudioVersion = 17.2.32526.322
MinimumVisualStudioVersion = 10.0.40219.1
Project("{9A19103F-16F7-4668-BE54-9A1E7A4F7556}") = "SbigSharp", "SbigSharp\SbigSharp.csproj", "{3BE45310-83C8-4294-A30B-585CE4996940}"
EndProject
Project("{FAE04EC0-301F-11D3-BF4B-00C04F79EFBC}") = "ASCOM.HomeMade.SBIGCameraTests", "ASCOM.HomeMade.SBIGCameraTests\ASCOM.HomeMade.SBIGCameraTests.csproj", "{BCEC2661-CC74-486F-8944-D1F9384404DE}"
EndProject
Project("{FAE04EC0-301F-11D3-BF4B-00C04F79EFBC}") = "ASCOM.HomeMade.SBIGCommon", "ASCOM.HomeMade.SBIGCommon\ASCOM.HomeMade.SBIGCommon.csproj", "{13CDAC16-2B3B-4691-9607-E8F6B695CF7D}"
EndProject
Project("{FAE04EC0-301F-11D3-BF4B-00C04F79EFBC}") = "ASCOM.HomeMade.SBIGFW", "ASCOM.HomeMade.SBIGFW\ASCOM.HomeMade.SBIGFW.csproj", "{8C0ECD13-13C4-4D0D-83B2-1D967E87E30F}"
EndProject
Project("{FAE04EC0-301F-11D3-BF4B-00C04F79EFBC}") = "ASCOM.HomeMade.SBIGImagingCamera", "ASCOM.HomeMade.SBIGImagingCamera\ASCOM.HomeMade.SBIGImagingCamera.csproj", "{64308775-BD4A-469C-BCAB-3ED830B811AF}"
EndProject
Project("{FAE04EC0-301F-11D3-BF4B-00C04F79EFBC}") = "ASCOM.HomeMade.SBIGGuidingCamera", "ASCOM.HomeMade.SBIGGuidingCamera\ASCOM.HomeMade.SBIGGuidingCamera.csproj", "{E8259190-D17B-4601-B0E2-B8290AD7E467}"
EndProject
Project("{FAE04EC0-301F-11D3-BF4B-00C04F79EFBC}") = "ASCOM.HomeMade.SBIGHub", "ASCOM.HomeMade.SBIGHub\ASCOM.HomeMade.SBIGHub.csproj", "{C708E487-E3A9-4073-A545-294B88674225}"
EndProject
Project("{FAE04EC0-301F-11D3-BF4B-00C04F79EFBC}") = "ASCOM.HomeMade.SBIGClient", "ASCOM.HomeMade.SBIGClient\ASCOM.HomeMade.SBIGClient.csproj", "{87831011-E8FA-4797-928A-0F439F041218}"
EndProject
Project("{FAE04EC0-301F-11D3-BF4B-00C04F79EFBC}") = "ASCOM.HomeMade.SBIGCamera", "ASCOM.HomeMade.SBIGCamera\ASCOM.HomeMade.SBIGCamera.csproj", "{7165F878-B500-4BA3-BDAA-9F0740EBDA6A}"
EndProject
Project("{FAE04EC0-301F-11D3-BF4B-00C04F79EFBC}") = "CSharpFITS", "CSharpFits\src\CSharpFITS.csproj", "{93C93A99-D18F-495E-8AC9-6B6F6F7F273E}"
EndProject
Project("{FAE04EC0-301F-11D3-BF4B-00C04F79EFBC}") = "ASCOM.HomeMade.SBIGExternalCamera", "ASCOM.HomeMade.SBIGExternalCamera\ASCOM.HomeMade.SBIGExternalCamera.csproj", "{43EE5773-72CD-4E8C-81E1-5D35F47B2B82}"
EndProject
Global
	GlobalSection(SolutionConfigurationPlatforms) = preSolution
		Debug|Any CPU = Debug|Any CPU
		Release|Any CPU = Release|Any CPU
	EndGlobalSection
	GlobalSection(ProjectConfigurationPlatforms) = postSolution
		{3BE45310-83C8-4294-A30B-585CE4996940}.Debug|Any CPU.ActiveCfg = Debug|Any CPU
		{3BE45310-83C8-4294-A30B-585CE4996940}.Debug|Any CPU.Build.0 = Debug|Any CPU
		{3BE45310-83C8-4294-A30B-585CE4996940}.Release|Any CPU.ActiveCfg = Release|Any CPU
		{3BE45310-83C8-4294-A30B-585CE4996940}.Release|Any CPU.Build.0 = Release|Any CPU
		{BCEC2661-CC74-486F-8944-D1F9384404DE}.Debug|Any CPU.ActiveCfg = Debug|Any CPU
		{BCEC2661-CC74-486F-8944-D1F9384404DE}.Debug|Any CPU.Build.0 = Debug|Any CPU
		{BCEC2661-CC74-486F-8944-D1F9384404DE}.Release|Any CPU.ActiveCfg = Release|Any CPU
		{BCEC2661-CC74-486F-8944-D1F9384404DE}.Release|Any CPU.Build.0 = Release|Any CPU
		{13CDAC16-2B3B-4691-9607-E8F6B695CF7D}.Debug|Any CPU.ActiveCfg = Debug|Any CPU
		{13CDAC16-2B3B-4691-9607-E8F6B695CF7D}.Debug|Any CPU.Build.0 = Debug|Any CPU
		{13CDAC16-2B3B-4691-9607-E8F6B695CF7D}.Release|Any CPU.ActiveCfg = Release|Any CPU
		{13CDAC16-2B3B-4691-9607-E8F6B695CF7D}.Release|Any CPU.Build.0 = Release|Any CPU
		{8C0ECD13-13C4-4D0D-83B2-1D967E87E30F}.Debug|Any CPU.ActiveCfg = Debug|Any CPU
		{8C0ECD13-13C4-4D0D-83B2-1D967E87E30F}.Debug|Any CPU.Build.0 = Debug|Any CPU
		{8C0ECD13-13C4-4D0D-83B2-1D967E87E30F}.Release|Any CPU.ActiveCfg = Release|Any CPU
		{8C0ECD13-13C4-4D0D-83B2-1D967E87E30F}.Release|Any CPU.Build.0 = Release|Any CPU
		{64308775-BD4A-469C-BCAB-3ED830B811AF}.Debug|Any CPU.ActiveCfg = Debug|Any CPU
		{64308775-BD4A-469C-BCAB-3ED830B811AF}.Debug|Any CPU.Build.0 = Debug|Any CPU
		{64308775-BD4A-469C-BCAB-3ED830B811AF}.Release|Any CPU.ActiveCfg = Release|Any CPU
		{64308775-BD4A-469C-BCAB-3ED830B811AF}.Release|Any CPU.Build.0 = Release|Any CPU
		{E8259190-D17B-4601-B0E2-B8290AD7E467}.Debug|Any CPU.ActiveCfg = Debug|Any CPU
		{E8259190-D17B-4601-B0E2-B8290AD7E467}.Debug|Any CPU.Build.0 = Debug|Any CPU
		{E8259190-D17B-4601-B0E2-B8290AD7E467}.Release|Any CPU.ActiveCfg = Release|Any CPU
		{E8259190-D17B-4601-B0E2-B8290AD7E467}.Release|Any CPU.Build.0 = Release|Any CPU
		{C708E487-E3A9-4073-A545-294B88674225}.Debug|Any CPU.ActiveCfg = Debug|Any CPU
		{C708E487-E3A9-4073-A545-294B88674225}.Debug|Any CPU.Build.0 = Debug|Any CPU
		{C708E487-E3A9-4073-A545-294B88674225}.Release|Any CPU.ActiveCfg = Release|Any CPU
		{C708E487-E3A9-4073-A545-294B88674225}.Release|Any CPU.Build.0 = Release|Any CPU
		{87831011-E8FA-4797-928A-0F439F041218}.Debug|Any CPU.ActiveCfg = Debug|Any CPU
		{87831011-E8FA-4797-928A-0F439F041218}.Debug|Any CPU.Build.0 = Debug|Any CPU
		{87831011-E8FA-4797-928A-0F439F041218}.Release|Any CPU.ActiveCfg = Release|Any CPU
		{87831011-E8FA-4797-928A-0F439F041218}.Release|Any CPU.Build.0 = Release|Any CPU
		{7165F878-B500-4BA3-BDAA-9F0740EBDA6A}.Debug|Any CPU.ActiveCfg = Debug|Any CPU
		{7165F878-B500-4BA3-BDAA-9F0740EBDA6A}.Debug|Any CPU.Build.0 = Debug|Any CPU
		{7165F878-B500-4BA3-BDAA-9F0740EBDA6A}.Release|Any CPU.ActiveCfg = Release|Any CPU
		{7165F878-B500-4BA3-BDAA-9F0740EBDA6A}.Release|Any CPU.Build.0 = Release|Any CPU
		{93C93A99-D18F-495E-8AC9-6B6F6F7F273E}.Debug|Any CPU.ActiveCfg = Debug|Any CPU
		{93C93A99-D18F-495E-8AC9-6B6F6F7F273E}.Debug|Any CPU.Build.0 = Debug|Any CPU
		{93C93A99-D18F-495E-8AC9-6B6F6F7F273E}.Release|Any CPU.ActiveCfg = Release|Any CPU
		{93C93A99-D18F-495E-8AC9-6B6F6F7F273E}.Release|Any CPU.Build.0 = Release|Any CPU
		{43EE5773-72CD-4E8C-81E1-5D35F47B2B82}.Debug|Any CPU.ActiveCfg = Debug|Any CPU
		{43EE5773-72CD-4E8C-81E1-5D35F47B2B82}.Debug|Any CPU.Build.0 = Debug|Any CPU
		{43EE5773-72CD-4E8C-81E1-5D35F47B2B82}.Release|Any CPU.ActiveCfg = Release|Any CPU
		{43EE5773-72CD-4E8C-81E1-5D35F47B2B82}.Release|Any CPU.Build.0 = Release|Any CPU
	EndGlobalSection
	GlobalSection(SolutionProperties) = preSolution
		HideSolutionNode = FALSE
	EndGlobalSection
	GlobalSection(ExtensibilityGlobals) = postSolution
		SolutionGuid = {309D79E7-994A-4FD0-960B-FBCC4D5BC622}
	EndGlobalSection
EndGlobal
